
Microsoft Visual Studio Solution File, Format Version 12.00
# Visual Studio Version 16
VisualStudioVersion = 25.0.1706.3
MinimumVisualStudioVersion = 10.0.40219.1
Project("{FAE04EC0-301F-11D3-BF4B-00C04F79EFBC}") = "weather", "weather\weather.csproj", "{02E0C30A-4699-4C90-B87A-11B5404FBEB8}"
EndProject
Global
	GlobalSection(SolutionConfigurationPlatforms) = preSolution
		Debug|Any CPU = Debug|Any CPU
		Release|Any CPU = Release|Any CPU
	EndGlobalSection
	GlobalSection(ProjectConfigurationPlatforms) = postSolution
		{02E0C30A-4699-4C90-B87A-11B5404FBEB8}.Debug|Any CPU.ActiveCfg = Debug|Any CPU
		{02E0C30A-4699-4C90-B87A-11B5404FBEB8}.Debug|Any CPU.Build.0 = Debug|Any CPU
		{02E0C30A-4699-4C90-B87A-11B5404FBEB8}.Release|Any CPU.ActiveCfg = Release|Any CPU
		{02E0C30A-4699-4C90-B87A-11B5404FBEB8}.Release|Any CPU.Build.0 = Release|Any CPU
	EndGlobalSection
	GlobalSection(SolutionProperties) = preSolution
		HideSolutionNode = FALSE
	EndGlobalSection
	GlobalSection(ExtensibilityGlobals) = postSolution
		SolutionGuid = {809C612E-D9B7-42C6-82B4-F11DCA2B1203}
	EndGlobalSection
EndGlobal
